
Microsoft Visual Studio Solution File, Format Version 12.00
# Visual Studio Version 16
VisualStudioVersion = 25.0.1700.0
MinimumVisualStudioVersion = 10.0.40219.1
Project("{FAE04EC0-301F-11D3-BF4B-00C04F79EFBC}") = "ADF_2022_MotleyKamirah", "ADF_2022_MotleyKamirah.csproj", "{C94603E1-8441-42CA-AF3C-B1C858446066}"
EndProject
Global
	GlobalSection(SolutionConfigurationPlatforms) = preSolution
		Debug|Any CPU = Debug|Any CPU
		Release|Any CPU = Release|Any CPU
	EndGlobalSection
	GlobalSection(ProjectConfigurationPlatforms) = postSolution
		{C94603E1-8441-42CA-AF3C-B1C858446066}.Debug|Any CPU.ActiveCfg = Debug|Any CPU
		{C94603E1-8441-42CA-AF3C-B1C858446066}.Debug|Any CPU.Build.0 = Debug|Any CPU
		{C94603E1-8441-42CA-AF3C-B1C858446066}.Release|Any CPU.ActiveCfg = Release|Any CPU
		{C94603E1-8441-42CA-AF3C-B1C858446066}.Release|Any CPU.Build.0 = Release|Any CPU
	EndGlobalSection
	GlobalSection(SolutionProperties) = preSolution
		HideSolutionNode = FALSE
	EndGlobalSection
	GlobalSection(ExtensibilityGlobals) = postSolution
		SolutionGuid = {F7F0A320-4255-4A2A-ACD6-CBC269CFCCD4}
	EndGlobalSection
EndGlobal
